
Microsoft Visual Studio Solution File, Format Version 12.00
# Visual Studio Version 17
VisualStudioVersion = 17.5.002.0
MinimumVisualStudioVersion = 10.0.40219.1
Project("{9A19103F-16F7-4668-BE54-9A1E7A4F7556}") = "PedraPapelTesoura", "PedraPapelTesoura.csproj", "{B0C019B2-8030-4982-86C2-014A12A280A2}"
EndProject
Global
	GlobalSection(SolutionConfigurationPlatforms) = preSolution
		Debug|Any CPU = Debug|Any CPU
		Release|Any CPU = Release|Any CPU
	EndGlobalSection
	GlobalSection(ProjectConfigurationPlatforms) = postSolution
		{B0C019B2-8030-4982-86C2-014A12A280A2}.Debug|Any CPU.ActiveCfg = Debug|Any CPU
		{B0C019B2-8030-4982-86C2-014A12A280A2}.Debug|Any CPU.Build.0 = Debug|Any CPU
		{B0C019B2-8030-4982-86C2-014A12A280A2}.Release|Any CPU.ActiveCfg = Release|Any CPU
		{B0C019B2-8030-4982-86C2-014A12A280A2}.Release|Any CPU.Build.0 = Release|Any CPU
	EndGlobalSection
	GlobalSection(SolutionProperties) = preSolution
		HideSolutionNode = FALSE
	EndGlobalSection
	GlobalSection(ExtensibilityGlobals) = postSolution
		SolutionGuid = {1337B9FD-2C98-43E0-AC4F-C6E995AD5993}
	EndGlobalSection
EndGlobal
